
Microsoft Visual Studio Solution File, Format Version 12.00
# Visual Studio Version 17
VisualStudioVersion = 17.10.35013.160
MinimumVisualStudioVersion = 10.0.40219.1
Project("{FAE04EC0-301F-11D3-BF4B-00C04F79EFBC}") = "fachaMotos", "fachaMotos.csproj", "{EF984513-F717-4E43-B46F-8BAC7256BC2B}"
EndProject
Global
	GlobalSection(SolutionConfigurationPlatforms) = preSolution
		Debug|Any CPU = Debug|Any CPU
		Release|Any CPU = Release|Any CPU
	EndGlobalSection
	GlobalSection(ProjectConfigurationPlatforms) = postSolution
		{EF984513-F717-4E43-B46F-8BAC7256BC2B}.Debug|Any CPU.ActiveCfg = Debug|Any CPU
		{EF984513-F717-4E43-B46F-8BAC7256BC2B}.Debug|Any CPU.Build.0 = Debug|Any CPU
		{EF984513-F717-4E43-B46F-8BAC7256BC2B}.Release|Any CPU.ActiveCfg = Release|Any CPU
		{EF984513-F717-4E43-B46F-8BAC7256BC2B}.Release|Any CPU.Build.0 = Release|Any CPU
	EndGlobalSection
	GlobalSection(SolutionProperties) = preSolution
		HideSolutionNode = FALSE
	EndGlobalSection
	GlobalSection(ExtensibilityGlobals) = postSolution
		SolutionGuid = {0DE97D4A-B959-482D-BC24-6C7930D06541}
	EndGlobalSection
EndGlobal
